
Microsoft Visual Studio Solution File, Format Version 12.00
# Visual Studio Version 17
VisualStudioVersion = 17.5.002.0
MinimumVisualStudioVersion = 10.0.40219.1
Project("{9A19103F-16F7-4668-BE54-9A1E7A4F7556}") = "HotelManagement", "HotelManagement.csproj", "{CAF37C93-1638-40CA-A7F4-64AF1169B840}"
EndProject
Global
	GlobalSection(SolutionConfigurationPlatforms) = preSolution
		Debug|Any CPU = Debug|Any CPU
		Release|Any CPU = Release|Any CPU
	EndGlobalSection
	GlobalSection(ProjectConfigurationPlatforms) = postSolution
		{CAF37C93-1638-40CA-A7F4-64AF1169B840}.Debug|Any CPU.ActiveCfg = Debug|Any CPU
		{CAF37C93-1638-40CA-A7F4-64AF1169B840}.Debug|Any CPU.Build.0 = Debug|Any CPU
		{CAF37C93-1638-40CA-A7F4-64AF1169B840}.Release|Any CPU.ActiveCfg = Release|Any CPU
		{CAF37C93-1638-40CA-A7F4-64AF1169B840}.Release|Any CPU.Build.0 = Release|Any CPU
	EndGlobalSection
	GlobalSection(SolutionProperties) = preSolution
		HideSolutionNode = FALSE
	EndGlobalSection
	GlobalSection(ExtensibilityGlobals) = postSolution
		SolutionGuid = {ED2DEC8F-D506-49A3-BAEB-89FEDE4C8A45}
	EndGlobalSection
EndGlobal
